<?xml version="1.0" encoding="utf-8"?>
<Project ToolsVersion="4.0" xmlns="http://schemas.microsoft.com/developer/msbuild/2003">
  <ItemGroup>
    <Filter Include="Source Files">
      <UniqueIdentifier>{4FC737F1-C7A5-4376-A066-2A32D752A2FF}</UniqueIdentifier>
      <Extensions>cpp;c;cc;cxx;def;odl;idl;hpj;bat;asm;asmx</Extensions>
    </Filter>
    <Filter Include="Header Files">
      <UniqueIdentifier>{93995380-89BD-4b04-88EB-625FBE52EBFB}</UniqueIdentifier>
      <Extensions>h;hh;hpp;hxx;hm;inl;inc;xsd</Extensions>
    </Filter>
    <Filter Include="Resource Files">
      <UniqueIdentifier>{67DA6AB6-F800-4c08-8B7A-83BB121AAD01}</UniqueIdentifier>
      <Extensions>rc;ico;cur;bmp;dlg;rc2;rct;bin;rgs;gif;jpg;jpeg;jpe;resx;tiff;tif;png;wav;mfcribbon-ms</Extensions>
    </Filter>
    <Filter Include="Scripts">
      <UniqueIdentifier>{e29f2008-c4f1-4307-a56a-f55c484e6f6a}</UniqueIdentifier>
    </Filter>
    <Filter Include="Shaders">
      <UniqueIdentifier>{355d4d73-5cee-4dce-bad2-dc08086ed94c}</UniqueIdentifier>
    </Filter>
    <Filter Include="Shaders\UV">
      <UniqueIdentifier>{74924a06-7b3f-40f7-9bb1-245eb1dc8ec2}</UniqueIdentifier>
    </Filter>
    <Filter Include="Shaders\Lit">
      <UniqueIdentifier>{82444cec-7f46-4105-ab98-d0daaf9caf22}</UniqueIdentifier>
    </Filter>
    <Filter Include="Shaders\Postprocess">
      <UniqueIdentifier>{874f4cb5-9f88-4768-ac75-539fd55f12e5}</UniqueIdentifier>
    </Filter>
    <Filter Include="Shaders\Postprocess\Test">
      <UniqueIdentifier>{a7247c10-d01a-4594-8ec6-26fb0d850e42}</UniqueIdentifier>
    </Filter>
  </ItemGroup>
  <ItemGroup>
    <ClCompile Include="src\main.cpp">
      <Filter>Source Files</Filter>
    </ClCompile>
    <ClCompile Include="src\scripts.cpp">
      <Filter>Source Files</Filter>
    </ClCompile>
    <ClCompile Include="src\actor.cpp">
      <Filter>Source Files</Filter>
    </ClCompile>
    <ClCompile Include="src\shader.cpp">
      <Filter>Source Files</Filter>
    </ClCompile>
    <ClCompile Include="src\entity.cpp">
      <Filter>Source Files</Filter>
    </ClCompile>
    <ClCompile Include="src\game.cpp">
      <Filter>Source Files</Filter>
    </ClCompile>
    <ClCompile Include="src\ui.cpp">
      <Filter>Source Files</Filter>
    </ClCompile>
    <ClCompile Include="src\sprite.cpp">
      <Filter>Source Files</Filter>
    </ClCompile>
    <ClCompile Include="src\healthbar.cpp">
      <Filter>Source Files</Filter>
    </ClCompile>
    <ClCompile Include="src\mesh.cpp">
      <Filter>Source Files</Filter>
    </ClCompile>
    <ClCompile Include="src\model.cpp">
      <Filter>Source Files</Filter>
    </ClCompile>
    <ClCompile Include="src\texture.cpp">
      <Filter>Source Files</Filter>
    </ClCompile>
    <ClCompile Include="src\postprocess.cpp">
      <Filter>Source Files</Filter>
    </ClCompile>
  </ItemGroup>
  <ItemGroup>
    <ClInclude Include="include\scripts.h">
      <Filter>Header Files</Filter>
    </ClInclude>
    <ClInclude Include="include\actor.h">
      <Filter>Header Files</Filter>
    </ClInclude>
    <ClInclude Include="include\entity.h">
      <Filter>Header Files</Filter>
    </ClInclude>
    <ClInclude Include="include\shader.h">
      <Filter>Header Files</Filter>
    </ClInclude>
    <ClInclude Include="include\game.h">
      <Filter>Header Files</Filter>
    </ClInclude>
    <ClInclude Include="include\sprite.h">
      <Filter>Header Files</Filter>
    </ClInclude>
    <ClInclude Include="include\ui.h">
      <Filter>Header Files</Filter>
    </ClInclude>
    <ClInclude Include="include\healthbar.h">
      <Filter>Header Files</Filter>
    </ClInclude>
    <ClInclude Include="include\animation.h">
      <Filter>Header Files</Filter>
    </ClInclude>
    <ClInclude Include="include\mesh.h">
      <Filter>Header Files</Filter>
    </ClInclude>
    <ClInclude Include="include\model.h">
      <Filter>Header Files</Filter>
    </ClInclude>
    <ClInclude Include="include\texture.h">
      <Filter>Header Files</Filter>
    </ClInclude>
    <ClInclude Include="include\postprocess.h">
      <Filter>Header Files</Filter>
    </ClInclude>
  </ItemGroup>
  <ItemGroup>
    <None Include="..\Mortal Hymn\scripts\testFSM.py">
      <Filter>Scripts</Filter>
    </None>
    <None Include="..\Mortal Hymn\shaders\test.frag">
      <Filter>Shaders\Postprocess\Test</Filter>
    </None>
    <None Include="..\Mortal Hymn\shaders\test.vert">
      <Filter>Shaders\Postprocess\Test</Filter>
    </None>
    <None Include="..\Mortal Hymn\shaders\uv.frag">
      <Filter>Shaders\UV</Filter>
    </None>
    <None Include="..\Mortal Hymn\shaders\uv.vert">
      <Filter>Shaders\UV</Filter>
    </None>
    <None Include="..\Mortal Hymn\data\test.def">
      <Filter>Resource Files</Filter>
    </None>
    <None Include="..\Mortal Hymn\data\cube.def">
      <Filter>Resource Files</Filter>
    </None>
    <None Include="..\Mortal Hymn\shaders\lit.frag">
      <Filter>Shaders\Lit</Filter>
    </None>
    <None Include="..\Mortal Hymn\shaders\lit.vert">
      <Filter>Shaders\Lit</Filter>
    </None>
    <None Include="..\Mortal Hymn\shaders\postprocess.frag">
      <Filter>Shaders\Postprocess</Filter>
    </None>
    <None Include="..\Mortal Hymn\shaders\postprocess.vert">
      <Filter>Shaders\Postprocess</Filter>
    </None>
  </ItemGroup>
</Project>